
Microsoft Visual Studio Solution File, Format Version 11.00
# Visual Studio 2010
Project("{FAE04EC0-301F-11D3-BF4B-00C04F79EFBC}") = "Minionsparadise", "Assembly-CSharp.csproj", "{76DE411A-860E-DA6B-DC9C-BE41FE71C232}"
EndProject
Project("{FAE04EC0-301F-11D3-BF4B-00C04F79EFBC}") = "Minionsparadise", "Assembly-CSharp-firstpass.csproj", "{70BC562E-CE19-FBAD-E94A-EB25F26AB09C}"
EndProject
Project("{FAE04EC0-301F-11D3-BF4B-00C04F79EFBC}") = "Minionsparadise", "Assembly-CSharp-Editor-firstpass.csproj", "{9D922CEB-A2E9-96C5-EF1F-3CD8B96CC04D}"
EndProject
Project("{FAE04EC0-301F-11D3-BF4B-00C04F79EFBC}") = "Minionsparadise", "Assembly-CSharp-Editor.csproj", "{454EFDDE-A142-BFD8-3812-18680A120F21}"
EndProject
Global
	GlobalSection(SolutionConfigurationPlatforms) = preSolution
		Debug|Any CPU = Debug|Any CPU
		Release|Any CPU = Release|Any CPU
	EndGlobalSection
	GlobalSection(ProjectConfigurationPlatforms) = postSolution
		{76DE411A-860E-DA6B-DC9C-BE41FE71C232}.Debug|Any CPU.ActiveCfg = Debug|Any CPU
		{76DE411A-860E-DA6B-DC9C-BE41FE71C232}.Debug|Any CPU.Build.0 = Debug|Any CPU
		{76DE411A-860E-DA6B-DC9C-BE41FE71C232}.Release|Any CPU.ActiveCfg = Release|Any CPU
		{76DE411A-860E-DA6B-DC9C-BE41FE71C232}.Release|Any CPU.Build.0 = Release|Any CPU
		{70BC562E-CE19-FBAD-E94A-EB25F26AB09C}.Debug|Any CPU.ActiveCfg = Debug|Any CPU
		{70BC562E-CE19-FBAD-E94A-EB25F26AB09C}.Debug|Any CPU.Build.0 = Debug|Any CPU
		{70BC562E-CE19-FBAD-E94A-EB25F26AB09C}.Release|Any CPU.ActiveCfg = Release|Any CPU
		{70BC562E-CE19-FBAD-E94A-EB25F26AB09C}.Release|Any CPU.Build.0 = Release|Any CPU
		{9D922CEB-A2E9-96C5-EF1F-3CD8B96CC04D}.Debug|Any CPU.ActiveCfg = Debug|Any CPU
		{9D922CEB-A2E9-96C5-EF1F-3CD8B96CC04D}.Debug|Any CPU.Build.0 = Debug|Any CPU
		{9D922CEB-A2E9-96C5-EF1F-3CD8B96CC04D}.Release|Any CPU.ActiveCfg = Release|Any CPU
		{9D922CEB-A2E9-96C5-EF1F-3CD8B96CC04D}.Release|Any CPU.Build.0 = Release|Any CPU
		{454EFDDE-A142-BFD8-3812-18680A120F21}.Debug|Any CPU.ActiveCfg = Debug|Any CPU
		{454EFDDE-A142-BFD8-3812-18680A120F21}.Debug|Any CPU.Build.0 = Debug|Any CPU
		{454EFDDE-A142-BFD8-3812-18680A120F21}.Release|Any CPU.ActiveCfg = Release|Any CPU
		{454EFDDE-A142-BFD8-3812-18680A120F21}.Release|Any CPU.Build.0 = Release|Any CPU
	EndGlobalSection
	GlobalSection(SolutionProperties) = preSolution
		HideSolutionNode = FALSE
	EndGlobalSection
	GlobalSection(MonoDevelopProperties) = preSolution
		StartupItem = Assembly-CSharp.csproj
	EndGlobalSection
EndGlobal
